
Microsoft Visual Studio Solution File, Format Version 12.00
# Visual Studio Version 17
VisualStudioVersion = 17.7.34202.233
MinimumVisualStudioVersion = 10.0.40219.1
Project("{8BC9CEB8-8B4A-11D0-8D11-00A0C91BC942}") = "Weekends", "Weekends\Weekends.vcxproj", "{897CDB6C-EE7D-4900-B949-E7A75BCABAE8}"
EndProject
Global
	GlobalSection(SolutionConfigurationPlatforms) = preSolution
		Debug|x64 = Debug|x64
		Debug|x86 = Debug|x86
		Release|x64 = Release|x64
		Release|x86 = Release|x86
	EndGlobalSection
	GlobalSection(ProjectConfigurationPlatforms) = postSolution
		{897CDB6C-EE7D-4900-B949-E7A75BCABAE8}.Debug|x64.ActiveCfg = Debug|x64
		{897CDB6C-EE7D-4900-B949-E7A75BCABAE8}.Debug|x64.Build.0 = Debug|x64
		{897CDB6C-EE7D-4900-B949-E7A75BCABAE8}.Debug|x86.ActiveCfg = Debug|Win32
		{897CDB6C-EE7D-4900-B949-E7A75BCABAE8}.Debug|x86.Build.0 = Debug|Win32
		{897CDB6C-EE7D-4900-B949-E7A75BCABAE8}.Release|x64.ActiveCfg = Release|x64
		{897CDB6C-EE7D-4900-B949-E7A75BCABAE8}.Release|x64.Build.0 = Release|x64
		{897CDB6C-EE7D-4900-B949-E7A75BCABAE8}.Release|x86.ActiveCfg = Release|Win32
		{897CDB6C-EE7D-4900-B949-E7A75BCABAE8}.Release|x86.Build.0 = Release|Win32
	EndGlobalSection
	GlobalSection(SolutionProperties) = preSolution
		HideSolutionNode = FALSE
	EndGlobalSection
	GlobalSection(ExtensibilityGlobals) = postSolution
		SolutionGuid = {014B2574-6BF1-4B1D-B32B-EF28148A6663}
	EndGlobalSection
EndGlobal
